
Microsoft Visual Studio Solution File, Format Version 12.00
# Visual Studio 15
VisualStudioVersion = 15.0.28307.1622
MinimumVisualStudioVersion = 10.0.40219.1
Project("{FAE04EC0-301F-11D3-BF4B-00C04F79EFBC}") = "WebApplication5", "WebApplication5\WebApplication5.csproj", "{D58D3E8D-EDB7-4387-99E6-302BCAACA81B}"
EndProject
Global
	GlobalSection(SolutionConfigurationPlatforms) = preSolution
		Debug|Any CPU = Debug|Any CPU
		Release|Any CPU = Release|Any CPU
	EndGlobalSection
	GlobalSection(ProjectConfigurationPlatforms) = postSolution
		{D58D3E8D-EDB7-4387-99E6-302BCAACA81B}.Debug|Any CPU.ActiveCfg = Debug|Any CPU
		{D58D3E8D-EDB7-4387-99E6-302BCAACA81B}.Debug|Any CPU.Build.0 = Debug|Any CPU
		{D58D3E8D-EDB7-4387-99E6-302BCAACA81B}.Release|Any CPU.ActiveCfg = Release|Any CPU
		{D58D3E8D-EDB7-4387-99E6-302BCAACA81B}.Release|Any CPU.Build.0 = Release|Any CPU
	EndGlobalSection
	GlobalSection(SolutionProperties) = preSolution
		HideSolutionNode = FALSE
	EndGlobalSection
	GlobalSection(ExtensibilityGlobals) = postSolution
		SolutionGuid = {229C9982-8D57-4560-8FA4-490CE854254A}
	EndGlobalSection
EndGlobal
